
Microsoft Visual Studio Solution File, Format Version 11.00
# Visual C# Express 2010
Project("{FAE04EC0-301F-11D3-BF4B-00C04F79EFBC}") = "MudEngine2012", "MudEngine2012\MudEngine2012.csproj", "{1EE3FB21-B2D8-430A-B84C-61F0DF1E9066}"
EndProject
Project("{FAE04EC0-301F-11D3-BF4B-00C04F79EFBC}") = "MudServer", "MudServer\MudServer.csproj", "{B1A820EE-679A-4842-81DA-BADA06327D20}"
EndProject
Project("{FAE04EC0-301F-11D3-BF4B-00C04F79EFBC}") = "DefaultDatabase", "DefaultDatabase\DefaultDatabase.csproj", "{0E40083D-1E6E-48B8-902D-BEB8703AD3A9}"
EndProject
Project("{FAE04EC0-301F-11D3-BF4B-00C04F79EFBC}") = "MISPConsole", "MISPConsole\MISPConsole.csproj", "{7F4D0A9D-4737-4D52-A6D7-1D5074C575A1}"
EndProject
Project("{FAE04EC0-301F-11D3-BF4B-00C04F79EFBC}") = "MISP", "MISP\MISP.csproj", "{BA7D4BAE-B4B5-40BC-8E73-6743E260F7BC}"
EndProject
Project("{FAE04EC0-301F-11D3-BF4B-00C04F79EFBC}") = "Alchemy", "Alchemy\Alchemy.csproj", "{6389C474-01FA-47C6-83F6-1709F5F1FF45}"
EndProject
Global
	GlobalSection(SolutionConfigurationPlatforms) = preSolution
		Debug|Any CPU = Debug|Any CPU
		Debug|Mixed Platforms = Debug|Mixed Platforms
		Debug|x64 = Debug|x64
		Debug|x86 = Debug|x86
		Release|Any CPU = Release|Any CPU
		Release|Mixed Platforms = Release|Mixed Platforms
		Release|x64 = Release|x64
		Release|x86 = Release|x86
	EndGlobalSection
	GlobalSection(ProjectConfigurationPlatforms) = postSolution
		{1EE3FB21-B2D8-430A-B84C-61F0DF1E9066}.Debug|Any CPU.ActiveCfg = Debug|Any CPU
		{1EE3FB21-B2D8-430A-B84C-61F0DF1E9066}.Debug|Any CPU.Build.0 = Debug|Any CPU
		{1EE3FB21-B2D8-430A-B84C-61F0DF1E9066}.Debug|Mixed Platforms.ActiveCfg = Debug|Any CPU
		{1EE3FB21-B2D8-430A-B84C-61F0DF1E9066}.Debug|Mixed Platforms.Build.0 = Debug|Any CPU
		{1EE3FB21-B2D8-430A-B84C-61F0DF1E9066}.Debug|x64.ActiveCfg = Debug|Any CPU
		{1EE3FB21-B2D8-430A-B84C-61F0DF1E9066}.Debug|x86.ActiveCfg = Debug|Any CPU
		{1EE3FB21-B2D8-430A-B84C-61F0DF1E9066}.Release|Any CPU.ActiveCfg = Release|Any CPU
		{1EE3FB21-B2D8-430A-B84C-61F0DF1E9066}.Release|Any CPU.Build.0 = Release|Any CPU
		{1EE3FB21-B2D8-430A-B84C-61F0DF1E9066}.Release|Mixed Platforms.ActiveCfg = Release|Any CPU
		{1EE3FB21-B2D8-430A-B84C-61F0DF1E9066}.Release|Mixed Platforms.Build.0 = Release|Any CPU
		{1EE3FB21-B2D8-430A-B84C-61F0DF1E9066}.Release|x64.ActiveCfg = Release|Any CPU
		{1EE3FB21-B2D8-430A-B84C-61F0DF1E9066}.Release|x86.ActiveCfg = Release|Any CPU
		{B1A820EE-679A-4842-81DA-BADA06327D20}.Debug|Any CPU.ActiveCfg = Debug|Any CPU
		{B1A820EE-679A-4842-81DA-BADA06327D20}.Debug|Any CPU.Build.0 = Debug|Any CPU
		{B1A820EE-679A-4842-81DA-BADA06327D20}.Debug|Mixed Platforms.ActiveCfg = Debug|x86
		{B1A820EE-679A-4842-81DA-BADA06327D20}.Debug|Mixed Platforms.Build.0 = Debug|x86
		{B1A820EE-679A-4842-81DA-BADA06327D20}.Debug|x64.ActiveCfg = Debug|x86
		{B1A820EE-679A-4842-81DA-BADA06327D20}.Debug|x86.ActiveCfg = Debug|x86
		{B1A820EE-679A-4842-81DA-BADA06327D20}.Debug|x86.Build.0 = Debug|x86
		{B1A820EE-679A-4842-81DA-BADA06327D20}.Release|Any CPU.ActiveCfg = Release|Any CPU
		{B1A820EE-679A-4842-81DA-BADA06327D20}.Release|Any CPU.Build.0 = Release|Any CPU
		{B1A820EE-679A-4842-81DA-BADA06327D20}.Release|Mixed Platforms.ActiveCfg = Release|x86
		{B1A820EE-679A-4842-81DA-BADA06327D20}.Release|Mixed Platforms.Build.0 = Release|x86
		{B1A820EE-679A-4842-81DA-BADA06327D20}.Release|x64.ActiveCfg = Release|x86
		{B1A820EE-679A-4842-81DA-BADA06327D20}.Release|x86.ActiveCfg = Release|x86
		{B1A820EE-679A-4842-81DA-BADA06327D20}.Release|x86.Build.0 = Release|x86
		{0E40083D-1E6E-48B8-902D-BEB8703AD3A9}.Debug|Any CPU.ActiveCfg = Debug|Any CPU
		{0E40083D-1E6E-48B8-902D-BEB8703AD3A9}.Debug|Any CPU.Build.0 = Debug|Any CPU
		{0E40083D-1E6E-48B8-902D-BEB8703AD3A9}.Debug|Mixed Platforms.ActiveCfg = Debug|Any CPU
		{0E40083D-1E6E-48B8-902D-BEB8703AD3A9}.Debug|Mixed Platforms.Build.0 = Debug|Any CPU
		{0E40083D-1E6E-48B8-902D-BEB8703AD3A9}.Debug|x64.ActiveCfg = Debug|Any CPU
		{0E40083D-1E6E-48B8-902D-BEB8703AD3A9}.Debug|x86.ActiveCfg = Debug|Any CPU
		{0E40083D-1E6E-48B8-902D-BEB8703AD3A9}.Release|Any CPU.ActiveCfg = Release|Any CPU
		{0E40083D-1E6E-48B8-902D-BEB8703AD3A9}.Release|Any CPU.Build.0 = Release|Any CPU
		{0E40083D-1E6E-48B8-902D-BEB8703AD3A9}.Release|Mixed Platforms.ActiveCfg = Release|Any CPU
		{0E40083D-1E6E-48B8-902D-BEB8703AD3A9}.Release|Mixed Platforms.Build.0 = Release|Any CPU
		{0E40083D-1E6E-48B8-902D-BEB8703AD3A9}.Release|x64.ActiveCfg = Release|Any CPU
		{0E40083D-1E6E-48B8-902D-BEB8703AD3A9}.Release|x86.ActiveCfg = Release|Any CPU
		{7F4D0A9D-4737-4D52-A6D7-1D5074C575A1}.Debug|Any CPU.ActiveCfg = Debug|Any CPU
		{7F4D0A9D-4737-4D52-A6D7-1D5074C575A1}.Debug|Any CPU.Build.0 = Debug|Any CPU
		{7F4D0A9D-4737-4D52-A6D7-1D5074C575A1}.Debug|Mixed Platforms.ActiveCfg = Debug|Any CPU
		{7F4D0A9D-4737-4D52-A6D7-1D5074C575A1}.Debug|Mixed Platforms.Build.0 = Debug|Any CPU
		{7F4D0A9D-4737-4D52-A6D7-1D5074C575A1}.Debug|x64.ActiveCfg = Debug|Any CPU
		{7F4D0A9D-4737-4D52-A6D7-1D5074C575A1}.Debug|x86.ActiveCfg = Debug|Any CPU
		{7F4D0A9D-4737-4D52-A6D7-1D5074C575A1}.Release|Any CPU.ActiveCfg = Release|Any CPU
		{7F4D0A9D-4737-4D52-A6D7-1D5074C575A1}.Release|Any CPU.Build.0 = Release|Any CPU
		{7F4D0A9D-4737-4D52-A6D7-1D5074C575A1}.Release|Mixed Platforms.ActiveCfg = Release|Any CPU
		{7F4D0A9D-4737-4D52-A6D7-1D5074C575A1}.Release|Mixed Platforms.Build.0 = Release|Any CPU
		{7F4D0A9D-4737-4D52-A6D7-1D5074C575A1}.Release|x64.ActiveCfg = Release|Any CPU
		{7F4D0A9D-4737-4D52-A6D7-1D5074C575A1}.Release|x86.ActiveCfg = Release|Any CPU
		{BA7D4BAE-B4B5-40BC-8E73-6743E260F7BC}.Debug|Any CPU.ActiveCfg = Debug|Any CPU
		{BA7D4BAE-B4B5-40BC-8E73-6743E260F7BC}.Debug|Any CPU.Build.0 = Debug|Any CPU
		{BA7D4BAE-B4B5-40BC-8E73-6743E260F7BC}.Debug|Mixed Platforms.ActiveCfg = Debug|Any CPU
		{BA7D4BAE-B4B5-40BC-8E73-6743E260F7BC}.Debug|Mixed Platforms.Build.0 = Debug|Any CPU
		{BA7D4BAE-B4B5-40BC-8E73-6743E260F7BC}.Debug|x64.ActiveCfg = Debug|Any CPU
		{BA7D4BAE-B4B5-40BC-8E73-6743E260F7BC}.Debug|x86.ActiveCfg = Debug|Any CPU
		{BA7D4BAE-B4B5-40BC-8E73-6743E260F7BC}.Release|Any CPU.ActiveCfg = Release|Any CPU
		{BA7D4BAE-B4B5-40BC-8E73-6743E260F7BC}.Release|Any CPU.Build.0 = Release|Any CPU
		{BA7D4BAE-B4B5-40BC-8E73-6743E260F7BC}.Release|Mixed Platforms.ActiveCfg = Release|Any CPU
		{BA7D4BAE-B4B5-40BC-8E73-6743E260F7BC}.Release|Mixed Platforms.Build.0 = Release|Any CPU
		{BA7D4BAE-B4B5-40BC-8E73-6743E260F7BC}.Release|x64.ActiveCfg = Release|Any CPU
		{BA7D4BAE-B4B5-40BC-8E73-6743E260F7BC}.Release|x86.ActiveCfg = Release|Any CPU
		{6389C474-01FA-47C6-83F6-1709F5F1FF45}.Debug|Any CPU.ActiveCfg = Debug|Any CPU
		{6389C474-01FA-47C6-83F6-1709F5F1FF45}.Debug|Any CPU.Build.0 = Debug|Any CPU
		{6389C474-01FA-47C6-83F6-1709F5F1FF45}.Debug|Mixed Platforms.ActiveCfg = Debug|Any CPU
		{6389C474-01FA-47C6-83F6-1709F5F1FF45}.Debug|Mixed Platforms.Build.0 = Debug|Any CPU
		{6389C474-01FA-47C6-83F6-1709F5F1FF45}.Debug|x64.ActiveCfg = Debug|Any CPU
		{6389C474-01FA-47C6-83F6-1709F5F1FF45}.Debug|x86.ActiveCfg = Debug|Any CPU
		{6389C474-01FA-47C6-83F6-1709F5F1FF45}.Release|Any CPU.ActiveCfg = Release|Any CPU
		{6389C474-01FA-47C6-83F6-1709F5F1FF45}.Release|Any CPU.Build.0 = Release|Any CPU
		{6389C474-01FA-47C6-83F6-1709F5F1FF45}.Release|Mixed Platforms.ActiveCfg = Release|Any CPU
		{6389C474-01FA-47C6-83F6-1709F5F1FF45}.Release|Mixed Platforms.Build.0 = Release|Any CPU
		{6389C474-01FA-47C6-83F6-1709F5F1FF45}.Release|x64.ActiveCfg = Release|Any CPU
		{6389C474-01FA-47C6-83F6-1709F5F1FF45}.Release|x86.ActiveCfg = Release|Any CPU
	EndGlobalSection
	GlobalSection(SolutionProperties) = preSolution
		HideSolutionNode = FALSE
	EndGlobalSection
EndGlobal
